
Microsoft Visual Studio Solution File, Format Version 12.00
# Visual Studio Version 16
VisualStudioVersion = 16.0.31729.503
MinimumVisualStudioVersion = 10.0.40219.1
Project("{FAE04EC0-301F-11D3-BF4B-00C04F79EFBC}") = "URI_1021", "URI_1021\URI_1021.csproj", "{200159E5-356B-4CF4-B762-36BBDADB4E4E}"
EndProject
Global
	GlobalSection(SolutionConfigurationPlatforms) = preSolution
		Debug|Any CPU = Debug|Any CPU
		Release|Any CPU = Release|Any CPU
	EndGlobalSection
	GlobalSection(ProjectConfigurationPlatforms) = postSolution
		{200159E5-356B-4CF4-B762-36BBDADB4E4E}.Debug|Any CPU.ActiveCfg = Debug|Any CPU
		{200159E5-356B-4CF4-B762-36BBDADB4E4E}.Debug|Any CPU.Build.0 = Debug|Any CPU
		{200159E5-356B-4CF4-B762-36BBDADB4E4E}.Release|Any CPU.ActiveCfg = Release|Any CPU
		{200159E5-356B-4CF4-B762-36BBDADB4E4E}.Release|Any CPU.Build.0 = Release|Any CPU
	EndGlobalSection
	GlobalSection(SolutionProperties) = preSolution
		HideSolutionNode = FALSE
	EndGlobalSection
	GlobalSection(ExtensibilityGlobals) = postSolution
		SolutionGuid = {C09A3ADC-357D-4B5A-BB69-58316A206225}
	EndGlobalSection
EndGlobal
