
Microsoft Visual Studio Solution File, Format Version 12.00
# Visual Studio Version 17
VisualStudioVersion = 17.1.32210.238
MinimumVisualStudioVersion = 10.0.40219.1
Project("{FAE04EC0-301F-11D3-BF4B-00C04F79EFBC}") = "URI_1156", "URI_1156\URI_1156.csproj", "{75CCF536-F281-4848-BBE3-C8336EC082FA}"
EndProject
Global
	GlobalSection(SolutionConfigurationPlatforms) = preSolution
		Debug|Any CPU = Debug|Any CPU
		Release|Any CPU = Release|Any CPU
	EndGlobalSection
	GlobalSection(ProjectConfigurationPlatforms) = postSolution
		{75CCF536-F281-4848-BBE3-C8336EC082FA}.Debug|Any CPU.ActiveCfg = Debug|Any CPU
		{75CCF536-F281-4848-BBE3-C8336EC082FA}.Debug|Any CPU.Build.0 = Debug|Any CPU
		{75CCF536-F281-4848-BBE3-C8336EC082FA}.Release|Any CPU.ActiveCfg = Release|Any CPU
		{75CCF536-F281-4848-BBE3-C8336EC082FA}.Release|Any CPU.Build.0 = Release|Any CPU
	EndGlobalSection
	GlobalSection(SolutionProperties) = preSolution
		HideSolutionNode = FALSE
	EndGlobalSection
	GlobalSection(ExtensibilityGlobals) = postSolution
		SolutionGuid = {6EEC4AFE-277F-4455-898D-E70BBDADCA51}
	EndGlobalSection
EndGlobal
