
Microsoft Visual Studio Solution File, Format Version 12.00
# Visual Studio Version 17
VisualStudioVersion = 17.0.32014.148
MinimumVisualStudioVersion = 10.0.40219.1
Project("{FAE04EC0-301F-11D3-BF4B-00C04F79EFBC}") = "URI_1131", "URI_1131\URI_1131.csproj", "{96129750-6FDB-4A15-8FA7-C18AF3FB40E2}"
EndProject
Global
	GlobalSection(SolutionConfigurationPlatforms) = preSolution
		Debug|Any CPU = Debug|Any CPU
		Release|Any CPU = Release|Any CPU
	EndGlobalSection
	GlobalSection(ProjectConfigurationPlatforms) = postSolution
		{96129750-6FDB-4A15-8FA7-C18AF3FB40E2}.Debug|Any CPU.ActiveCfg = Debug|Any CPU
		{96129750-6FDB-4A15-8FA7-C18AF3FB40E2}.Debug|Any CPU.Build.0 = Debug|Any CPU
		{96129750-6FDB-4A15-8FA7-C18AF3FB40E2}.Release|Any CPU.ActiveCfg = Release|Any CPU
		{96129750-6FDB-4A15-8FA7-C18AF3FB40E2}.Release|Any CPU.Build.0 = Release|Any CPU
	EndGlobalSection
	GlobalSection(SolutionProperties) = preSolution
		HideSolutionNode = FALSE
	EndGlobalSection
	GlobalSection(ExtensibilityGlobals) = postSolution
		SolutionGuid = {9EF84BEF-5092-4486-912D-F545730CC576}
	EndGlobalSection
EndGlobal
