
Microsoft Visual Studio Solution File, Format Version 12.00
# Visual Studio Version 17
VisualStudioVersion = 17.1.32210.238
MinimumVisualStudioVersion = 10.0.40219.1
Project("{FAE04EC0-301F-11D3-BF4B-00C04F79EFBC}") = "URI_1155", "URI_1155\URI_1155.csproj", "{DED838A0-97AB-4F91-A184-84706B6734D8}"
EndProject
Global
	GlobalSection(SolutionConfigurationPlatforms) = preSolution
		Debug|Any CPU = Debug|Any CPU
		Release|Any CPU = Release|Any CPU
	EndGlobalSection
	GlobalSection(ProjectConfigurationPlatforms) = postSolution
		{DED838A0-97AB-4F91-A184-84706B6734D8}.Debug|Any CPU.ActiveCfg = Debug|Any CPU
		{DED838A0-97AB-4F91-A184-84706B6734D8}.Debug|Any CPU.Build.0 = Debug|Any CPU
		{DED838A0-97AB-4F91-A184-84706B6734D8}.Release|Any CPU.ActiveCfg = Release|Any CPU
		{DED838A0-97AB-4F91-A184-84706B6734D8}.Release|Any CPU.Build.0 = Release|Any CPU
	EndGlobalSection
	GlobalSection(SolutionProperties) = preSolution
		HideSolutionNode = FALSE
	EndGlobalSection
	GlobalSection(ExtensibilityGlobals) = postSolution
		SolutionGuid = {014AC58C-C47E-44EC-9C72-9D9426EAB36B}
	EndGlobalSection
EndGlobal
