
Microsoft Visual Studio Solution File, Format Version 12.00
# Visual Studio Version 17
VisualStudioVersion = 17.1.32210.238
MinimumVisualStudioVersion = 10.0.40219.1
Project("{FAE04EC0-301F-11D3-BF4B-00C04F79EFBC}") = "URI_1096", "URI_1096\URI_1096.csproj", "{4300C93A-F893-4D9B-AD43-E09A01ECC372}"
EndProject
Global
	GlobalSection(SolutionConfigurationPlatforms) = preSolution
		Debug|Any CPU = Debug|Any CPU
		Release|Any CPU = Release|Any CPU
	EndGlobalSection
	GlobalSection(ProjectConfigurationPlatforms) = postSolution
		{4300C93A-F893-4D9B-AD43-E09A01ECC372}.Debug|Any CPU.ActiveCfg = Debug|Any CPU
		{4300C93A-F893-4D9B-AD43-E09A01ECC372}.Debug|Any CPU.Build.0 = Debug|Any CPU
		{4300C93A-F893-4D9B-AD43-E09A01ECC372}.Release|Any CPU.ActiveCfg = Release|Any CPU
		{4300C93A-F893-4D9B-AD43-E09A01ECC372}.Release|Any CPU.Build.0 = Release|Any CPU
	EndGlobalSection
	GlobalSection(SolutionProperties) = preSolution
		HideSolutionNode = FALSE
	EndGlobalSection
	GlobalSection(ExtensibilityGlobals) = postSolution
		SolutionGuid = {73C14B02-DEEE-4E5B-AF0B-0CCF0D207AA6}
	EndGlobalSection
EndGlobal
