
Microsoft Visual Studio Solution File, Format Version 12.00
# Visual Studio Version 17
VisualStudioVersion = 17.1.32210.238
MinimumVisualStudioVersion = 10.0.40219.1
Project("{FAE04EC0-301F-11D3-BF4B-00C04F79EFBC}") = "URI_1074", "URI_1074\URI_1074.csproj", "{99BFA061-DE04-4EE9-99C8-B35E8CA1BE47}"
EndProject
Global
	GlobalSection(SolutionConfigurationPlatforms) = preSolution
		Debug|Any CPU = Debug|Any CPU
		Release|Any CPU = Release|Any CPU
	EndGlobalSection
	GlobalSection(ProjectConfigurationPlatforms) = postSolution
		{99BFA061-DE04-4EE9-99C8-B35E8CA1BE47}.Debug|Any CPU.ActiveCfg = Debug|Any CPU
		{99BFA061-DE04-4EE9-99C8-B35E8CA1BE47}.Debug|Any CPU.Build.0 = Debug|Any CPU
		{99BFA061-DE04-4EE9-99C8-B35E8CA1BE47}.Release|Any CPU.ActiveCfg = Release|Any CPU
		{99BFA061-DE04-4EE9-99C8-B35E8CA1BE47}.Release|Any CPU.Build.0 = Release|Any CPU
	EndGlobalSection
	GlobalSection(SolutionProperties) = preSolution
		HideSolutionNode = FALSE
	EndGlobalSection
	GlobalSection(ExtensibilityGlobals) = postSolution
		SolutionGuid = {5357FC76-A9DE-4D52-B61F-98C736F86927}
	EndGlobalSection
EndGlobal
