
Microsoft Visual Studio Solution File, Format Version 12.00
# Visual Studio Version 16
VisualStudioVersion = 16.0.31729.503
MinimumVisualStudioVersion = 10.0.40219.1
Project("{FAE04EC0-301F-11D3-BF4B-00C04F79EFBC}") = "URI_1047_Teacher", "URI_1047_Teacher\URI_1047_Teacher.csproj", "{BA1CC5CA-A74E-44BC-BC02-2CA14E80296E}"
EndProject
Global
	GlobalSection(SolutionConfigurationPlatforms) = preSolution
		Debug|Any CPU = Debug|Any CPU
		Release|Any CPU = Release|Any CPU
	EndGlobalSection
	GlobalSection(ProjectConfigurationPlatforms) = postSolution
		{BA1CC5CA-A74E-44BC-BC02-2CA14E80296E}.Debug|Any CPU.ActiveCfg = Debug|Any CPU
		{BA1CC5CA-A74E-44BC-BC02-2CA14E80296E}.Debug|Any CPU.Build.0 = Debug|Any CPU
		{BA1CC5CA-A74E-44BC-BC02-2CA14E80296E}.Release|Any CPU.ActiveCfg = Release|Any CPU
		{BA1CC5CA-A74E-44BC-BC02-2CA14E80296E}.Release|Any CPU.Build.0 = Release|Any CPU
	EndGlobalSection
	GlobalSection(SolutionProperties) = preSolution
		HideSolutionNode = FALSE
	EndGlobalSection
	GlobalSection(ExtensibilityGlobals) = postSolution
		SolutionGuid = {D6C0E86D-556D-48BF-8841-2790EF9566EA}
	EndGlobalSection
EndGlobal
