
Microsoft Visual Studio Solution File, Format Version 12.00
# Visual Studio Version 17
VisualStudioVersion = 17.0.32014.148
MinimumVisualStudioVersion = 10.0.40219.1
Project("{FAE04EC0-301F-11D3-BF4B-00C04F79EFBC}") = "URI_1154", "URI_1154\URI_1154.csproj", "{86F9E2FF-44D3-4BBF-B339-EA6FE7E9F594}"
EndProject
Global
	GlobalSection(SolutionConfigurationPlatforms) = preSolution
		Debug|Any CPU = Debug|Any CPU
		Release|Any CPU = Release|Any CPU
	EndGlobalSection
	GlobalSection(ProjectConfigurationPlatforms) = postSolution
		{86F9E2FF-44D3-4BBF-B339-EA6FE7E9F594}.Debug|Any CPU.ActiveCfg = Debug|Any CPU
		{86F9E2FF-44D3-4BBF-B339-EA6FE7E9F594}.Debug|Any CPU.Build.0 = Debug|Any CPU
		{86F9E2FF-44D3-4BBF-B339-EA6FE7E9F594}.Release|Any CPU.ActiveCfg = Release|Any CPU
		{86F9E2FF-44D3-4BBF-B339-EA6FE7E9F594}.Release|Any CPU.Build.0 = Release|Any CPU
	EndGlobalSection
	GlobalSection(SolutionProperties) = preSolution
		HideSolutionNode = FALSE
	EndGlobalSection
	GlobalSection(ExtensibilityGlobals) = postSolution
		SolutionGuid = {DD710C6F-1F83-431A-9A6C-AD0DBED8F1ED}
	EndGlobalSection
EndGlobal
