
Microsoft Visual Studio Solution File, Format Version 12.00
# Visual Studio Version 17
VisualStudioVersion = 17.1.32210.238
MinimumVisualStudioVersion = 10.0.40219.1
Project("{FAE04EC0-301F-11D3-BF4B-00C04F79EFBC}") = "URI_1149", "URI_1149\URI_1149.csproj", "{FE5225F5-2E6A-45CF-A8D3-F41D452427BB}"
EndProject
Global
	GlobalSection(SolutionConfigurationPlatforms) = preSolution
		Debug|Any CPU = Debug|Any CPU
		Release|Any CPU = Release|Any CPU
	EndGlobalSection
	GlobalSection(ProjectConfigurationPlatforms) = postSolution
		{FE5225F5-2E6A-45CF-A8D3-F41D452427BB}.Debug|Any CPU.ActiveCfg = Debug|Any CPU
		{FE5225F5-2E6A-45CF-A8D3-F41D452427BB}.Debug|Any CPU.Build.0 = Debug|Any CPU
		{FE5225F5-2E6A-45CF-A8D3-F41D452427BB}.Release|Any CPU.ActiveCfg = Release|Any CPU
		{FE5225F5-2E6A-45CF-A8D3-F41D452427BB}.Release|Any CPU.Build.0 = Release|Any CPU
	EndGlobalSection
	GlobalSection(SolutionProperties) = preSolution
		HideSolutionNode = FALSE
	EndGlobalSection
	GlobalSection(ExtensibilityGlobals) = postSolution
		SolutionGuid = {20CE892C-5889-49B4-8092-784F87840A7C}
	EndGlobalSection
EndGlobal
