
Microsoft Visual Studio Solution File, Format Version 12.00
# Visual Studio Version 17
VisualStudioVersion = 17.1.32210.238
MinimumVisualStudioVersion = 10.0.40219.1
Project("{FAE04EC0-301F-11D3-BF4B-00C04F79EFBC}") = "URI_1151", "URI_1151\URI_1151.csproj", "{E286B9F9-BE0F-477B-8450-2AD04A0236E3}"
EndProject
Global
	GlobalSection(SolutionConfigurationPlatforms) = preSolution
		Debug|Any CPU = Debug|Any CPU
		Release|Any CPU = Release|Any CPU
	EndGlobalSection
	GlobalSection(ProjectConfigurationPlatforms) = postSolution
		{E286B9F9-BE0F-477B-8450-2AD04A0236E3}.Debug|Any CPU.ActiveCfg = Debug|Any CPU
		{E286B9F9-BE0F-477B-8450-2AD04A0236E3}.Debug|Any CPU.Build.0 = Debug|Any CPU
		{E286B9F9-BE0F-477B-8450-2AD04A0236E3}.Release|Any CPU.ActiveCfg = Release|Any CPU
		{E286B9F9-BE0F-477B-8450-2AD04A0236E3}.Release|Any CPU.Build.0 = Release|Any CPU
	EndGlobalSection
	GlobalSection(SolutionProperties) = preSolution
		HideSolutionNode = FALSE
	EndGlobalSection
	GlobalSection(ExtensibilityGlobals) = postSolution
		SolutionGuid = {A630BE94-3614-4F15-B793-463ECBA1917F}
	EndGlobalSection
EndGlobal
