
Microsoft Visual Studio Solution File, Format Version 12.00
# Visual Studio Version 17
VisualStudioVersion = 17.1.32319.34
MinimumVisualStudioVersion = 10.0.40219.1
Project("{9A19103F-16F7-4668-BE54-9A1E7A4F7556}") = "01", "01\01.csproj", "{D3A779FB-680B-4D34-BB6C-F61C27159606}"
EndProject
Project("{9A19103F-16F7-4668-BE54-9A1E7A4F7556}") = "02", "02\02.csproj", "{9F86BD09-EBA1-4317-9ABA-5BBBBC1DE2CB}"
EndProject
Project("{9A19103F-16F7-4668-BE54-9A1E7A4F7556}") = "04", "04\04.csproj", "{960B3F8D-073A-431F-9814-29EB3609075B}"
EndProject
Project("{9A19103F-16F7-4668-BE54-9A1E7A4F7556}") = "05", "05\05.csproj", "{C24B179A-3E2E-4EAA-9112-CBF74E24BBD7}"
EndProject
Project("{9A19103F-16F7-4668-BE54-9A1E7A4F7556}") = "06", "06\06.csproj", "{74A53F1C-FAF7-4D0F-A1F7-EB273CD9FDAF}"
EndProject
Project("{9A19103F-16F7-4668-BE54-9A1E7A4F7556}") = "07", "07\07.csproj", "{389ABF18-D1E7-41D7-A934-B128965CC76B}"
EndProject
Project("{FAE04EC0-301F-11D3-BF4B-00C04F79EFBC}") = "03", "03\03.csproj", "{694472C2-0ED0-4C67-AB12-2CADD3203C6A}"
EndProject
Global
	GlobalSection(SolutionConfigurationPlatforms) = preSolution
		Debug|Any CPU = Debug|Any CPU
		Release|Any CPU = Release|Any CPU
	EndGlobalSection
	GlobalSection(ProjectConfigurationPlatforms) = postSolution
		{D3A779FB-680B-4D34-BB6C-F61C27159606}.Debug|Any CPU.ActiveCfg = Debug|Any CPU
		{D3A779FB-680B-4D34-BB6C-F61C27159606}.Debug|Any CPU.Build.0 = Debug|Any CPU
		{D3A779FB-680B-4D34-BB6C-F61C27159606}.Release|Any CPU.ActiveCfg = Release|Any CPU
		{D3A779FB-680B-4D34-BB6C-F61C27159606}.Release|Any CPU.Build.0 = Release|Any CPU
		{9F86BD09-EBA1-4317-9ABA-5BBBBC1DE2CB}.Debug|Any CPU.ActiveCfg = Debug|Any CPU
		{9F86BD09-EBA1-4317-9ABA-5BBBBC1DE2CB}.Debug|Any CPU.Build.0 = Debug|Any CPU
		{9F86BD09-EBA1-4317-9ABA-5BBBBC1DE2CB}.Release|Any CPU.ActiveCfg = Release|Any CPU
		{9F86BD09-EBA1-4317-9ABA-5BBBBC1DE2CB}.Release|Any CPU.Build.0 = Release|Any CPU
		{960B3F8D-073A-431F-9814-29EB3609075B}.Debug|Any CPU.ActiveCfg = Debug|Any CPU
		{960B3F8D-073A-431F-9814-29EB3609075B}.Debug|Any CPU.Build.0 = Debug|Any CPU
		{960B3F8D-073A-431F-9814-29EB3609075B}.Release|Any CPU.ActiveCfg = Release|Any CPU
		{960B3F8D-073A-431F-9814-29EB3609075B}.Release|Any CPU.Build.0 = Release|Any CPU
		{C24B179A-3E2E-4EAA-9112-CBF74E24BBD7}.Debug|Any CPU.ActiveCfg = Debug|Any CPU
		{C24B179A-3E2E-4EAA-9112-CBF74E24BBD7}.Debug|Any CPU.Build.0 = Debug|Any CPU
		{C24B179A-3E2E-4EAA-9112-CBF74E24BBD7}.Release|Any CPU.ActiveCfg = Release|Any CPU
		{C24B179A-3E2E-4EAA-9112-CBF74E24BBD7}.Release|Any CPU.Build.0 = Release|Any CPU
		{74A53F1C-FAF7-4D0F-A1F7-EB273CD9FDAF}.Debug|Any CPU.ActiveCfg = Debug|Any CPU
		{74A53F1C-FAF7-4D0F-A1F7-EB273CD9FDAF}.Debug|Any CPU.Build.0 = Debug|Any CPU
		{74A53F1C-FAF7-4D0F-A1F7-EB273CD9FDAF}.Release|Any CPU.ActiveCfg = Release|Any CPU
		{74A53F1C-FAF7-4D0F-A1F7-EB273CD9FDAF}.Release|Any CPU.Build.0 = Release|Any CPU
		{389ABF18-D1E7-41D7-A934-B128965CC76B}.Debug|Any CPU.ActiveCfg = Debug|Any CPU
		{389ABF18-D1E7-41D7-A934-B128965CC76B}.Debug|Any CPU.Build.0 = Debug|Any CPU
		{389ABF18-D1E7-41D7-A934-B128965CC76B}.Release|Any CPU.ActiveCfg = Release|Any CPU
		{389ABF18-D1E7-41D7-A934-B128965CC76B}.Release|Any CPU.Build.0 = Release|Any CPU
		{694472C2-0ED0-4C67-AB12-2CADD3203C6A}.Debug|Any CPU.ActiveCfg = Debug|Any CPU
		{694472C2-0ED0-4C67-AB12-2CADD3203C6A}.Debug|Any CPU.Build.0 = Debug|Any CPU
		{694472C2-0ED0-4C67-AB12-2CADD3203C6A}.Release|Any CPU.ActiveCfg = Release|Any CPU
		{694472C2-0ED0-4C67-AB12-2CADD3203C6A}.Release|Any CPU.Build.0 = Release|Any CPU
	EndGlobalSection
	GlobalSection(SolutionProperties) = preSolution
		HideSolutionNode = FALSE
	EndGlobalSection
	GlobalSection(ExtensibilityGlobals) = postSolution
		SolutionGuid = {3E6A2F33-616D-4B1A-84F3-03A3A417CACC}
	EndGlobalSection
EndGlobal
